{
  "name": "js-ml-code",
  "version": "1.0.0",
  "lockfileVersion": 1,
  "requires": true,
  "dependencies": {
    "@tensorflow/tfjs": {
      "version": "1.5.2",
      "resolved": "https://registry.npm.taobao.org/@tensorflow/tfjs/download/@tensorflow/tfjs-1.5.2.tgz",
      "integrity": "sha1-0evVcwQprpcLZd0ijBAce/HKkN4=",
      "requires": {
        "@tensorflow/tfjs-converter": "1.5.2",
        "@tensorflow/tfjs-core": "1.5.2",
        "@tensorflow/tfjs-data": "1.5.2",
        "@tensorflow/tfjs-layers": "1.5.2"
      }
    },
    "@tensorflow/tfjs-converter": {
      "version": "1.5.2",
      "resolved": "https://registry.npm.taobao.org/@tensorflow/tfjs-converter/download/@tensorflow/tfjs-converter-1.5.2.tgz",
      "integrity": "sha1-7BNz9CExO9xqrEbVV43rWOUJPow="
    },
    "@tensorflow/tfjs-core": {
      "version": "1.5.2",
      "resolved": "https://registry.npm.taobao.org/@tensorflow/tfjs-core/download/@tensorflow/tfjs-core-1.5.2.tgz",
      "integrity": "sha1-33Z1LPfEOYffFUj7aYIJNb2CFdc=",
      "requires": {
        "@types/offscreencanvas": "~2019.3.0",
        "@types/seedrandom": "2.4.27",
        "@types/webgl-ext": "0.0.30",
        "@types/webgl2": "0.0.4",
        "node-fetch": "~2.1.2",
        "seedrandom": "2.4.3"
      }
    },
    "@tensorflow/tfjs-data": {
      "version": "1.5.2",
      "resolved": "https://registry.npm.taobao.org/@tensorflow/tfjs-data/download/@tensorflow/tfjs-data-1.5.2.tgz",
      "integrity": "sha1-BKWF9x42vaPb/+iESiRooK22Pvo=",
      "requires": {
        "@types/node-fetch": "^2.1.2",
        "node-fetch": "~2.1.2"
      }
    },
    "@tensorflow/tfjs-layers": {
      "version": "1.5.2",
      "resolved": "https://registry.npm.taobao.org/@tensorflow/tfjs-layers/download/@tensorflow/tfjs-layers-1.5.2.tgz",
      "integrity": "sha1-jZLooUYve+a27poeUhfqOiH7wfk="
    },
    "@types/node": {
      "version": "13.7.1",
      "resolved": "https://registry.npm.taobao.org/@types/node/download/@types/node-13.7.1.tgz",
      "integrity": "sha1-I46zSmZDG3HSqt3qp9sWbyWXGg0="
    },
    "@types/node-fetch": {
      "version": "2.5.4",
      "resolved": "https://registry.npm.taobao.org/@types/node-fetch/download/@types/node-fetch-2.5.4.tgz",
      "integrity": "sha1-UkW22IQfw6Ygi4IpERm8EcTgzkQ=",
      "requires": {
        "@types/node": "*"
      }
    },
    "@types/offscreencanvas": {
      "version": "2019.3.0",
      "resolved": "https://registry.npm.taobao.org/@types/offscreencanvas/download/@types/offscreencanvas-2019.3.0.tgz",
      "integrity": "sha1-MzZCjsfpGAz0Vm3+pdoE61hqZVM="
    },
    "@types/seedrandom": {
      "version": "2.4.27",
      "resolved": "https://registry.npm.taobao.org/@types/seedrandom/download/@types/seedrandom-2.4.27.tgz",
      "integrity": "sha1-nbVjk33YaRX2kJK8QyWdL0hXjkE="
    },
    "@types/webgl-ext": {
      "version": "0.0.30",
      "resolved": "https://registry.npm.taobao.org/@types/webgl-ext/download/@types/webgl-ext-0.0.30.tgz",
      "integrity": "sha1-DOSYwWpBoj0VKJ4LhE2UWyXw+50="
    },
    "@types/webgl2": {
      "version": "0.0.4",
      "resolved": "https://registry.npm.taobao.org/@types/webgl2/download/@types/webgl2-0.0.4.tgz",
      "integrity": "sha1-w7D51rRlxmE46E5kyzvfg3PCwnk="
    },
    "node-fetch": {
      "version": "2.1.2",
      "resolved": "https://registry.npm.taobao.org/node-fetch/download/node-fetch-2.1.2.tgz",
      "integrity": "sha1-q4hOjn5X44qUR1POxwb3iNF2i7U="
    },
    "seedrandom": {
      "version": "2.4.3",
      "resolved": "https://registry.npm.taobao.org/seedrandom/download/seedrandom-2.4.3.tgz",
      "integrity": "sha1-JDhQTa0zkXMUv/GKxNeU8W1qrsw="
    }
  }
}
